
Microsoft Visual Studio Solution File, Format Version 12.00
# Visual Studio Version 17
VisualStudioVersion = 17.2.32616.157
MinimumVisualStudioVersion = 10.0.40219.1
Project("{FAE04EC0-301F-11D3-BF4B-00C04F79EFBC}") = "BadApple", "BadApple\BadApple.csproj", "{7A5225A5-5AA7-4526-8968-8616D7C4BE55}"
EndProject
Global
	GlobalSection(SolutionConfigurationPlatforms) = preSolution
		Debug|Any CPU = Debug|Any CPU
		Release|Any CPU = Release|Any CPU
	EndGlobalSection
	GlobalSection(ProjectConfigurationPlatforms) = postSolution
		{7A5225A5-5AA7-4526-8968-8616D7C4BE55}.Debug|Any CPU.ActiveCfg = Debug|Any CPU
		{7A5225A5-5AA7-4526-8968-8616D7C4BE55}.Debug|Any CPU.Build.0 = Debug|Any CPU
		{7A5225A5-5AA7-4526-8968-8616D7C4BE55}.Release|Any CPU.ActiveCfg = Release|Any CPU
		{7A5225A5-5AA7-4526-8968-8616D7C4BE55}.Release|Any CPU.Build.0 = Release|Any CPU
	EndGlobalSection
	GlobalSection(SolutionProperties) = preSolution
		HideSolutionNode = FALSE
	EndGlobalSection
	GlobalSection(ExtensibilityGlobals) = postSolution
		SolutionGuid = {44D93131-79C8-4067-8D24-D2DA43AD556F}
	EndGlobalSection
EndGlobal
